// !$*UTF8*$!
{
	archiveVersion = 1;
	classes = {
	};
	objectVersion = 48;
	objects = {

/* Begin PBXBuildFile section */
		045E454020DACDAD009BB32A /* Main.storyboard in Resources */ = {isa = PBXBuildFile; fileRef = 045E453E20DACDAD009BB32A /* Main.storyboard */; };
		045E454720DACF7F009BB32A /* HomePage.m in Sources */ = {isa = PBXBuildFile; fileRef = 045E454620DACF7F009BB32A /* HomePage.m */; };
		045E454A20DAD1EC009BB32A /* DYJNavigationViewController.m in Sources */ = {isa = PBXBuildFile; fileRef = 045E454920DAD1EC009BB32A /* DYJNavigationViewController.m */; };
		045E454D20DAD33F009BB32A /* DYJNetworkManager.m in Sources */ = {isa = PBXBuildFile; fileRef = 045E454C20DAD33E009BB32A /* DYJNetworkManager.m */; };
		045E455020DAD3BC009BB32A /* WelcomePage.m in Sources */ = {isa = PBXBuildFile; fileRef = 045E454F20DAD3BC009BB32A /* WelcomePage.m */; };
		045E455320DAD3E6009BB32A /* DYJLoginButton.m in Sources */ = {isa = PBXBuildFile; fileRef = 045E455220DAD3E6009BB32A /* DYJLoginButton.m */; };
		045E455620DAD9AD009BB32A /* LoginPage.m in Sources */ = {isa = PBXBuildFile; fileRef = 045E455520DAD9AD009BB32A /* LoginPage.m */; };
		045E456020DAE60F009BB32A /* LoginPresenter.m in Sources */ = {isa = PBXBuildFile; fileRef = 045E455F20DAE60F009BB32A /* LoginPresenter.m */; };
		045E456720DAE732009BB32A /* LoginInteractor.m in Sources */ = {isa = PBXBuildFile; fileRef = 045E456620DAE732009BB32A /* LoginInteractor.m */; };
		045E456B20DAEB4B009BB32A /* NSString+MD5.m in Sources */ = {isa = PBXBuildFile; fileRef = 045E456A20DAEB4B009BB32A /* NSString+MD5.m */; };
		04C352CD20C42CEA00ED2A04 /* AppDelegate.m in Sources */ = {isa = PBXBuildFile; fileRef = 04C352CC20C42CEA00ED2A04 /* AppDelegate.m */; };
		04C352D520C42CEA00ED2A04 /* Assets.xcassets in Resources */ = {isa = PBXBuildFile; fileRef = 04C352D420C42CEA00ED2A04 /* Assets.xcassets */; };
		04C352D820C42CEA00ED2A04 /* LaunchScreen.storyboard in Resources */ = {isa = PBXBuildFile; fileRef = 04C352D620C42CEA00ED2A04 /* LaunchScreen.storyboard */; };
		04C352DB20C42CEA00ED2A04 /* main.m in Sources */ = {isa = PBXBuildFile; fileRef = 04C352DA20C42CEA00ED2A04 /* main.m */; };
		04C352E520C42CEA00ED2A04 /* YouJoinTests.m in Sources */ = {isa = PBXBuildFile; fileRef = 04C352E420C42CEA00ED2A04 /* YouJoinTests.m */; };
		04C352F020C42CEA00ED2A04 /* YouJoinUITests.m in Sources */ = {isa = PBXBuildFile; fileRef = 04C352EF20C42CEA00ED2A04 /* YouJoinUITests.m */; };
		04C3531320C43B5100ED2A04 /* DYJUser.m in Sources */ = {isa = PBXBuildFile; fileRef = 04C3531220C43B5100ED2A04 /* DYJUser.m */; };
		04C3531620C43B7600ED2A04 /* DYJTabbarController.m in Sources */ = {isa = PBXBuildFile; fileRef = 04C3531520C43B7600ED2A04 /* DYJTabbarController.m */; };
		04C3531920C43BB500ED2A04 /* DYJViewController.m in Sources */ = {isa = PBXBuildFile; fileRef = 04C3531820C43BB500ED2A04 /* DYJViewController.m */; };
		04C3531D20C43C8E00ED2A04 /* RegisterPage.m in Sources */ = {isa = PBXBuildFile; fileRef = 04C3531C20C43C8E00ED2A04 /* RegisterPage.m */; };
		04C3532020C43CB800ED2A04 /* DYJLoginTextField.m in Sources */ = {isa = PBXBuildFile; fileRef = 04C3531F20C43CB800ED2A04 /* DYJLoginTextField.m */; };
		0A2DE9410F5E6350281E26FC /* libPods-YouJoinTests.a in Frameworks */ = {isa = PBXBuildFile; fileRef = 8ACC1A5CD01C66FDACFC3422 /* libPods-YouJoinTests.a */; };
		446F8B20970CA8A77D0CFA03 /* libPods-YouJoinUITests.a in Frameworks */ = {isa = PBXBuildFile; fileRef = 3F32F29B4C8E9546EE766260 /* libPods-YouJoinUITests.a */; };
		4DC8744EEA8757C1BE210491 /* libPods-YouJoin.a in Frameworks */ = {isa = PBXBuildFile; fileRef = 5CE84AABD4260A26EB962567 /* libPods-YouJoin.a */; };
/* End PBXBuildFile section */

/* Begin PBXContainerItemProxy section */
		04C352E120C42CEA00ED2A04 /* PBXContainerItemProxy */ = {
			isa = PBXContainerItemProxy;
			containerPortal = 04C352C020C42CEA00ED2A04 /* Project object */;
			proxyType = 1;
			remoteGlobalIDString = 04C352C720C42CEA00ED2A04;
			remoteInfo = YouJoin;
		};
		04C352EC20C42CEA00ED2A04 /* PBXContainerItemProxy */ = {
			isa = PBXContainerItemProxy;
			containerPortal = 04C352C020C42CEA00ED2A04 /* Project object */;
			proxyType = 1;
			remoteGlobalIDString = 04C352C720C42CEA00ED2A04;
			remoteInfo = YouJoin;
		};
/* End PBXContainerItemProxy section */

/* Begin PBXFileReference section */
		045E453D20DA9AFA009BB32A /* PrefixHeader.pch */ = {isa = PBXFileReference; lastKnownFileType = sourcecode.c.h; path = PrefixHeader.pch; sourceTree = "<group>"; };
		045E453F20DACDAD009BB32A /* Base */ = {isa = PBXFileReference; lastKnownFileType = file.storyboard; name = Base; path = Base.lproj/Main.storyboard; sourceTree = "<group>"; };
		045E454520DACF7F009BB32A /* HomePage.h */ = {isa = PBXFileReference; lastKnownFileType = sourcecode.c.h; path = HomePage.h; sourceTree = "<group>"; };
		045E454620DACF7F009BB32A /* HomePage.m */ = {isa = PBXFileReference; lastKnownFileType = sourcecode.c.objc; path = HomePage.m; sourceTree = "<group>"; };
		045E454820DAD1EC009BB32A /* DYJNavigationViewController.h */ = {isa = PBXFileReference; lastKnownFileType = sourcecode.c.h; path = DYJNavigationViewController.h; sourceTree = "<group>"; };
		045E454920DAD1EC009BB32A /* DYJNavigationViewController.m */ = {isa = PBXFileReference; lastKnownFileType = sourcecode.c.objc; path = DYJNavigationViewController.m; sourceTree = "<group>"; };
		045E454B20DAD33E009BB32A /* DYJNetworkManager.h */ = {isa = PBXFileReference; lastKnownFileType = sourcecode.c.h; path = DYJNetworkManager.h; sourceTree = "<group>"; };
		045E454C20DAD33E009BB32A /* DYJNetworkManager.m */ = {isa = PBXFileReference; lastKnownFileType = sourcecode.c.objc; path = DYJNetworkManager.m; sourceTree = "<group>"; };
		045E454E20DAD3BC009BB32A /* WelcomePage.h */ = {isa = PBXFileReference; lastKnownFileType = sourcecode.c.h; path = WelcomePage.h; sourceTree = "<group>"; };
		045E454F20DAD3BC009BB32A /* WelcomePage.m */ = {isa = PBXFileReference; lastKnownFileType = sourcecode.c.objc; path = WelcomePage.m; sourceTree = "<group>"; };
		045E455120DAD3E6009BB32A /* DYJLoginButton.h */ = {isa = PBXFileReference; lastKnownFileType = sourcecode.c.h; path = DYJLoginButton.h; sourceTree = "<group>"; };
		045E455220DAD3E6009BB32A /* DYJLoginButton.m */ = {isa = PBXFileReference; lastKnownFileType = sourcecode.c.objc; path = DYJLoginButton.m; sourceTree = "<group>"; };
		045E455420DAD9AD009BB32A /* LoginPage.h */ = {isa = PBXFileReference; lastKnownFileType = sourcecode.c.h; path = LoginPage.h; sourceTree = "<group>"; };
		045E455520DAD9AD009BB32A /* LoginPage.m */ = {isa = PBXFileReference; lastKnownFileType = sourcecode.c.objc; path = LoginPage.m; sourceTree = "<group>"; };
		045E455E20DAE60F009BB32A /* LoginPresenter.h */ = {isa = PBXFileReference; lastKnownFileType = sourcecode.c.h; path = LoginPresenter.h; sourceTree = "<group>"; };
		045E455F20DAE60F009BB32A /* LoginPresenter.m */ = {isa = PBXFileReference; lastKnownFileType = sourcecode.c.objc; path = LoginPresenter.m; sourceTree = "<group>"; };
		045E456520DAE732009BB32A /* LoginInteractor.h */ = {isa = PBXFileReference; lastKnownFileType = sourcecode.c.h; path = LoginInteractor.h; sourceTree = "<group>"; };
		045E456620DAE732009BB32A /* LoginInteractor.m */ = {isa = PBXFileReference; lastKnownFileType = sourcecode.c.objc; path = LoginInteractor.m; sourceTree = "<group>"; };
		045E456920DAEB4B009BB32A /* NSString+MD5.h */ = {isa = PBXFileReference; lastKnownFileType = sourcecode.c.h; path = "NSString+MD5.h"; sourceTree = "<group>"; };
		045E456A20DAEB4B009BB32A /* NSString+MD5.m */ = {isa = PBXFileReference; lastKnownFileType = sourcecode.c.objc; path = "NSString+MD5.m"; sourceTree = "<group>"; };
		045E456C20DAF019009BB32A /* LoginInterface.h */ = {isa = PBXFileReference; lastKnownFileType = sourcecode.c.h; path = LoginInterface.h; sourceTree = "<group>"; };
		04C352C820C42CEA00ED2A04 /* YouJoin.app */ = {isa = PBXFileReference; explicitFileType = wrapper.application; includeInIndex = 0; path = YouJoin.app; sourceTree = BUILT_PRODUCTS_DIR; };
		04C352CB20C42CEA00ED2A04 /* AppDelegate.h */ = {isa = PBXFileReference; lastKnownFileType = sourcecode.c.h; path = AppDelegate.h; sourceTree = "<group>"; };
		04C352CC20C42CEA00ED2A04 /* AppDelegate.m */ = {isa = PBXFileReference; lastKnownFileType = sourcecode.c.objc; path = AppDelegate.m; sourceTree = "<group>"; };
		04C352D420C42CEA00ED2A04 /* Assets.xcassets */ = {isa = PBXFileReference; lastKnownFileType = folder.assetcatalog; path = Assets.xcassets; sourceTree = "<group>"; };
		04C352D720C42CEA00ED2A04 /* Base */ = {isa = PBXFileReference; lastKnownFileType = file.storyboard; name = Base; path = Base.lproj/LaunchScreen.storyboard; sourceTree = "<group>"; };
		04C352D920C42CEA00ED2A04 /* Info.plist */ = {isa = PBXFileReference; lastKnownFileType = text.plist.xml; path = Info.plist; sourceTree = "<group>"; };
		04C352DA20C42CEA00ED2A04 /* main.m */ = {isa = PBXFileReference; lastKnownFileType = sourcecode.c.objc; path = main.m; sourceTree = "<group>"; };
		04C352E020C42CEA00ED2A04 /* YouJoinTests.xctest */ = {isa = PBXFileReference; explicitFileType = wrapper.cfbundle; includeInIndex = 0; path = YouJoinTests.xctest; sourceTree = BUILT_PRODUCTS_DIR; };
		04C352E420C42CEA00ED2A04 /* YouJoinTests.m */ = {isa = PBXFileReference; lastKnownFileType = sourcecode.c.objc; path = YouJoinTests.m; sourceTree = "<group>"; };
		04C352E620C42CEA00ED2A04 /* Info.plist */ = {isa = PBXFileReference; lastKnownFileType = text.plist.xml; path = Info.plist; sourceTree = "<group>"; };
		04C352EB20C42CEA00ED2A04 /* YouJoinUITests.xctest */ = {isa = PBXFileReference; explicitFileType = wrapper.cfbundle; includeInIndex = 0; path = YouJoinUITests.xctest; sourceTree = BUILT_PRODUCTS_DIR; };
		04C352EF20C42CEA00ED2A04 /* YouJoinUITests.m */ = {isa = PBXFileReference; lastKnownFileType = sourcecode.c.objc; path = YouJoinUITests.m; sourceTree = "<group>"; };
		04C352F120C42CEA00ED2A04 /* Info.plist */ = {isa = PBXFileReference; lastKnownFileType = text.plist.xml; path = Info.plist; sourceTree = "<group>"; };
		04C3531120C43B5100ED2A04 /* DYJUser.h */ = {isa = PBXFileReference; lastKnownFileType = sourcecode.c.h; path = DYJUser.h; sourceTree = "<group>"; };
		04C3531220C43B5100ED2A04 /* DYJUser.m */ = {isa = PBXFileReference; lastKnownFileType = sourcecode.c.objc; path = DYJUser.m; sourceTree = "<group>"; };
		04C3531420C43B7600ED2A04 /* DYJTabbarController.h */ = {isa = PBXFileReference; lastKnownFileType = sourcecode.c.h; path = DYJTabbarController.h; sourceTree = "<group>"; };
		04C3531520C43B7600ED2A04 /* DYJTabbarController.m */ = {isa = PBXFileReference; lastKnownFileType = sourcecode.c.objc; path = DYJTabbarController.m; sourceTree = "<group>"; };
		04C3531720C43BB500ED2A04 /* DYJViewController.h */ = {isa = PBXFileReference; lastKnownFileType = sourcecode.c.h; path = DYJViewController.h; sourceTree = "<group>"; };
		04C3531820C43BB500ED2A04 /* DYJViewController.m */ = {isa = PBXFileReference; lastKnownFileType = sourcecode.c.objc; path = DYJViewController.m; sourceTree = "<group>"; };
		04C3531B20C43C8E00ED2A04 /* RegisterPage.h */ = {isa = PBXFileReference; lastKnownFileType = sourcecode.c.h; path = RegisterPage.h; sourceTree = "<group>"; };
		04C3531C20C43C8E00ED2A04 /* RegisterPage.m */ = {isa = PBXFileReference; lastKnownFileType = sourcecode.c.objc; path = RegisterPage.m; sourceTree = "<group>"; };
		04C3531E20C43CB800ED2A04 /* DYJLoginTextField.h */ = {isa = PBXFileReference; lastKnownFileType = sourcecode.c.h; path = DYJLoginTextField.h; sourceTree = "<group>"; };
		04C3531F20C43CB800ED2A04 /* DYJLoginTextField.m */ = {isa = PBXFileReference; lastKnownFileType = sourcecode.c.objc; path = DYJLoginTextField.m; sourceTree = "<group>"; };
		04C3532120C4456400ED2A04 /* ColorDefines.h */ = {isa = PBXFileReference; lastKnownFileType = sourcecode.c.h; path = ColorDefines.h; sourceTree = "<group>"; };
		1D4FE3EB110EC5AFF55EEF67 /* Pods-YouJoin.debug.xcconfig */ = {isa = PBXFileReference; includeInIndex = 1; lastKnownFileType = text.xcconfig; name = "Pods-YouJoin.debug.xcconfig"; path = "Pods/Target Support Files/Pods-YouJoin/Pods-YouJoin.debug.xcconfig"; sourceTree = "<group>"; };
		3F32F29B4C8E9546EE766260 /* libPods-YouJoinUITests.a */ = {isa = PBXFileReference; explicitFileType = archive.ar; includeInIndex = 0; path = "libPods-YouJoinUITests.a"; sourceTree = BUILT_PRODUCTS_DIR; };
		5CE84AABD4260A26EB962567 /* libPods-YouJoin.a */ = {isa = PBXFileReference; explicitFileType = archive.ar; includeInIndex = 0; path = "libPods-YouJoin.a"; sourceTree = BUILT_PRODUCTS_DIR; };
		8461CB55A2B128CB05FA67C7 /* Pods-YouJoinTests.release.xcconfig */ = {isa = PBXFileReference; includeInIndex = 1; lastKnownFileType = text.xcconfig; name = "Pods-YouJoinTests.release.xcconfig"; path = "Pods/Target Support Files/Pods-YouJoinTests/Pods-YouJoinTests.release.xcconfig"; sourceTree = "<group>"; };
		8ACC1A5CD01C66FDACFC3422 /* libPods-YouJoinTests.a */ = {isa = PBXFileReference; explicitFileType = archive.ar; includeInIndex = 0; path = "libPods-YouJoinTests.a"; sourceTree = BUILT_PRODUCTS_DIR; };
		9B6E1E2D58FADE8A6AB53103 /* Pods-YouJoin.release.xcconfig */ = {isa = PBXFileReference; includeInIndex = 1; lastKnownFileType = text.xcconfig; name = "Pods-YouJoin.release.xcconfig"; path = "Pods/Target Support Files/Pods-YouJoin/Pods-YouJoin.release.xcconfig"; sourceTree = "<group>"; };
		BB42CDB3C7B5062F5C48CD11 /* Pods-YouJoinTests.debug.xcconfig */ = {isa = PBXFileReference; includeInIndex = 1; lastKnownFileType = text.xcconfig; name = "Pods-YouJoinTests.debug.xcconfig"; path = "Pods/Target Support Files/Pods-YouJoinTests/Pods-YouJoinTests.debug.xcconfig"; sourceTree = "<group>"; };
		BF45A5E4F0958BF4E9D0A2E1 /* Pods-YouJoinUITests.debug.xcconfig */ = {isa = PBXFileReference; includeInIndex = 1; lastKnownFileType = text.xcconfig; name = "Pods-YouJoinUITests.debug.xcconfig"; path = "Pods/Target Support Files/Pods-YouJoinUITests/Pods-YouJoinUITests.debug.xcconfig"; sourceTree = "<group>"; };
		FA1B0835336B000962BFAF89 /* Pods-YouJoinUITests.release.xcconfig */ = {isa = PBXFileReference; includeInIndex = 1; lastKnownFileType = text.xcconfig; name = "Pods-YouJoinUITests.release.xcconfig"; path = "Pods/Target Support Files/Pods-YouJoinUITests/Pods-YouJoinUITests.release.xcconfig"; sourceTree = "<group>"; };
/* End PBXFileReference section */

/* Begin PBXFrameworksBuildPhase section */
		04C352C520C42CEA00ED2A04 /* Frameworks */ = {
			isa = PBXFrameworksBuildPhase;
			buildActionMask = 2147483647;
			files = (
				4DC8744EEA8757C1BE210491 /* libPods-YouJoin.a in Frameworks */,
			);
			runOnlyForDeploymentPostprocessing = 0;
		};
		04C352DD20C42CEA00ED2A04 /* Frameworks */ = {
			isa = PBXFrameworksBuildPhase;
			buildActionMask = 2147483647;
			files = (
				0A2DE9410F5E6350281E26FC /* libPods-YouJoinTests.a in Frameworks */,
			);
			runOnlyForDeploymentPostprocessing = 0;
		};
		04C352E820C42CEA00ED2A04 /* Frameworks */ = {
			isa = PBXFrameworksBuildPhase;
			buildActionMask = 2147483647;
			files = (
				446F8B20970CA8A77D0CFA03 /* libPods-YouJoinUITests.a in Frameworks */,
			);
			runOnlyForDeploymentPostprocessing = 0;
		};
/* End PBXFrameworksBuildPhase section */

/* Begin PBXGroup section */
		045E454120DACF47009BB32A /* Home */ = {
			isa = PBXGroup;
			children = (
				045E454520DACF7F009BB32A /* HomePage.h */,
				045E454620DACF7F009BB32A /* HomePage.m */,
			);
			path = Home;
			sourceTree = "<group>";
		};
		045E454220DACF51009BB32A /* Contact */ = {
			isa = PBXGroup;
			children = (
			);
			path = Contact;
			sourceTree = "<group>";
		};
		045E454320DACF56009BB32A /* Chat */ = {
			isa = PBXGroup;
			children = (
			);
			path = Chat;
			sourceTree = "<group>";
		};
		045E454420DACF5C009BB32A /* Me */ = {
			isa = PBXGroup;
			children = (
			);
			path = Me;
			sourceTree = "<group>";
		};
		045E455A20DAE5CB009BB32A /* Login */ = {
			isa = PBXGroup;
			children = (
				045E455E20DAE60F009BB32A /* LoginPresenter.h */,
				045E455F20DAE60F009BB32A /* LoginPresenter.m */,
			);
			path = Login;
			sourceTree = "<group>";
		};
		045E456420DAE700009BB32A /* Login */ = {
			isa = PBXGroup;
			children = (
				045E456520DAE732009BB32A /* LoginInteractor.h */,
				045E456620DAE732009BB32A /* LoginInteractor.m */,
			);
			path = Login;
			sourceTree = "<group>";
		};
		045E456820DAEB2B009BB32A /* Utils */ = {
			isa = PBXGroup;
			children = (
				045E456920DAEB4B009BB32A /* NSString+MD5.h */,
				045E456A20DAEB4B009BB32A /* NSString+MD5.m */,
			);
			path = Utils;
			sourceTree = "<group>";
		};
		045E456D20DAF021009BB32A /* Login */ = {
			isa = PBXGroup;
			children = (
				045E456C20DAF019009BB32A /* LoginInterface.h */,
			);
			path = Login;
			sourceTree = "<group>";
		};
		04C352BF20C42CEA00ED2A04 = {
			isa = PBXGroup;
			children = (
				04C352CA20C42CEA00ED2A04 /* YouJoin */,
				04C352E320C42CEA00ED2A04 /* YouJoinTests */,
				04C352EE20C42CEA00ED2A04 /* YouJoinUITests */,
				04C352C920C42CEA00ED2A04 /* Products */,
				4584EC1A242CFDCBF903A70A /* Pods */,
				58EC21C1526DCE81B091E2DB /* Frameworks */,
			);
			sourceTree = "<group>";
		};
		04C352C920C42CEA00ED2A04 /* Products */ = {
			isa = PBXGroup;
			children = (
				04C352C820C42CEA00ED2A04 /* YouJoin.app */,
				04C352E020C42CEA00ED2A04 /* YouJoinTests.xctest */,
				04C352EB20C42CEA00ED2A04 /* YouJoinUITests.xctest */,
			);
			name = Products;
			sourceTree = "<group>";
		};
		04C352CA20C42CEA00ED2A04 /* YouJoin */ = {
			isa = PBXGroup;
			children = (
				04C352D920C42CEA00ED2A04 /* Info.plist */,
				04C3530220C42DE000ED2A04 /* AppDelegate */,
				04C3530020C42DBE00ED2A04 /* Sources */,
				04C3530120C42DCF00ED2A04 /* Resource */,
			);
			path = YouJoin;
			sourceTree = "<group>";
		};
		04C352E320C42CEA00ED2A04 /* YouJoinTests */ = {
			isa = PBXGroup;
			children = (
				04C352E420C42CEA00ED2A04 /* YouJoinTests.m */,
				04C352E620C42CEA00ED2A04 /* Info.plist */,
			);
			path = YouJoinTests;
			sourceTree = "<group>";
		};
		04C352EE20C42CEA00ED2A04 /* YouJoinUITests */ = {
			isa = PBXGroup;
			children = (
				04C352EF20C42CEA00ED2A04 /* YouJoinUITests.m */,
				04C352F120C42CEA00ED2A04 /* Info.plist */,
			);
			path = YouJoinUITests;
			sourceTree = "<group>";
		};
		04C352FD20C42D9D00ED2A04 /* Class */ = {
			isa = PBXGroup;
			children = (
				045E456820DAEB2B009BB32A /* Utils */,
				04C3531A20C43C5100ED2A04 /* Modules */,
				04C3531020C43B0A00ED2A04 /* Modal */,
				04C3530F20C431C100ED2A04 /* Presenter */,
				04C3530E20C431B800ED2A04 /* Interactor */,
				04C3530D20C431B200ED2A04 /* Interface */,
				04C3530C20C431A200ED2A04 /* ViewController */,
				04C3530B20C4319E00ED2A04 /* View */,
			);
			path = Class;
			sourceTree = "<group>";
		};
		04C352FE20C42DA600ED2A04 /* Network */ = {
			isa = PBXGroup;
			children = (
				045E454B20DAD33E009BB32A /* DYJNetworkManager.h */,
				045E454C20DAD33E009BB32A /* DYJNetworkManager.m */,
			);
			path = Network;
			sourceTree = "<group>";
		};
		04C352FF20C42DAB00ED2A04 /* DataBase */ = {
			isa = PBXGroup;
			children = (
			);
			path = DataBase;
			sourceTree = "<group>";
		};
		04C3530020C42DBE00ED2A04 /* Sources */ = {
			isa = PBXGroup;
			children = (
				04C3530320C42E5C00ED2A04 /* Base */,
				04C352FD20C42D9D00ED2A04 /* Class */,
				04C352FF20C42DAB00ED2A04 /* DataBase */,
				04C352FE20C42DA600ED2A04 /* Network */,
			);
			path = Sources;
			sourceTree = "<group>";
		};
		04C3530120C42DCF00ED2A04 /* Resource */ = {
			isa = PBXGroup;
			children = (
				045E453E20DACDAD009BB32A /* Main.storyboard */,
				04C352D620C42CEA00ED2A04 /* LaunchScreen.storyboard */,
				04C352D420C42CEA00ED2A04 /* Assets.xcassets */,
				04C352DA20C42CEA00ED2A04 /* main.m */,
			);
			path = Resource;
			sourceTree = "<group>";
		};
		04C3530220C42DE000ED2A04 /* AppDelegate */ = {
			isa = PBXGroup;
			children = (
				04C352CB20C42CEA00ED2A04 /* AppDelegate.h */,
				04C352CC20C42CEA00ED2A04 /* AppDelegate.m */,
			);
			path = AppDelegate;
			sourceTree = "<group>";
		};
		04C3530320C42E5C00ED2A04 /* Base */ = {
			isa = PBXGroup;
			children = (
				045E453D20DA9AFA009BB32A /* PrefixHeader.pch */,
				04C3532120C4456400ED2A04 /* ColorDefines.h */,
				04C3531720C43BB500ED2A04 /* DYJViewController.h */,
				04C3531820C43BB500ED2A04 /* DYJViewController.m */,
				045E454820DAD1EC009BB32A /* DYJNavigationViewController.h */,
				045E454920DAD1EC009BB32A /* DYJNavigationViewController.m */,
			);
			path = Base;
			sourceTree = "<group>";
		};
		04C3530920C4318600ED2A04 /* Login */ = {
			isa = PBXGroup;
			children = (
				045E454E20DAD3BC009BB32A /* WelcomePage.h */,
				045E454F20DAD3BC009BB32A /* WelcomePage.m */,
				045E455420DAD9AD009BB32A /* LoginPage.h */,
				045E455520DAD9AD009BB32A /* LoginPage.m */,
				04C3531B20C43C8E00ED2A04 /* RegisterPage.h */,
				04C3531C20C43C8E00ED2A04 /* RegisterPage.m */,
			);
			path = Login;
			sourceTree = "<group>";
		};
		04C3530A20C4318B00ED2A04 /* Tab */ = {
			isa = PBXGroup;
			children = (
				045E454120DACF47009BB32A /* Home */,
				045E454220DACF51009BB32A /* Contact */,
				045E454320DACF56009BB32A /* Chat */,
				045E454420DACF5C009BB32A /* Me */,
				04C3531420C43B7600ED2A04 /* DYJTabbarController.h */,
				04C3531520C43B7600ED2A04 /* DYJTabbarController.m */,
			);
			path = Tab;
			sourceTree = "<group>";
		};
		04C3530B20C4319E00ED2A04 /* View */ = {
			isa = PBXGroup;
			children = (
				045E455120DAD3E6009BB32A /* DYJLoginButton.h */,
				045E455220DAD3E6009BB32A /* DYJLoginButton.m */,
				04C3531E20C43CB800ED2A04 /* DYJLoginTextField.h */,
				04C3531F20C43CB800ED2A04 /* DYJLoginTextField.m */,
			);
			path = View;
			sourceTree = "<group>";
		};
		04C3530C20C431A200ED2A04 /* ViewController */ = {
			isa = PBXGroup;
			children = (
				04C3530920C4318600ED2A04 /* Login */,
				04C3530A20C4318B00ED2A04 /* Tab */,
			);
			path = ViewController;
			sourceTree = "<group>";
		};
		04C3530D20C431B200ED2A04 /* Interface */ = {
			isa = PBXGroup;
			children = (
				045E456D20DAF021009BB32A /* Login */,
			);
			path = Interface;
			sourceTree = "<group>";
		};
		04C3530E20C431B800ED2A04 /* Interactor */ = {
			isa = PBXGroup;
			children = (
				045E456420DAE700009BB32A /* Login */,
			);
			path = Interactor;
			sourceTree = "<group>";
		};
		04C3530F20C431C100ED2A04 /* Presenter */ = {
			isa = PBXGroup;
			children = (
				045E455A20DAE5CB009BB32A /* Login */,
			);
			path = Presenter;
			sourceTree = "<group>";
		};
		04C3531020C43B0A00ED2A04 /* Modal */ = {
			isa = PBXGroup;
			children = (
				04C3531120C43B5100ED2A04 /* DYJUser.h */,
				04C3531220C43B5100ED2A04 /* DYJUser.m */,
			);
			path = Modal;
			sourceTree = "<group>";
		};
		04C3531A20C43C5100ED2A04 /* Modules */ = {
			isa = PBXGroup;
			children = (
			);
			path = Modules;
			sourceTree = "<group>";
		};
		4584EC1A242CFDCBF903A70A /* Pods */ = {
			isa = PBXGroup;
			children = (
				1D4FE3EB110EC5AFF55EEF67 /* Pods-YouJoin.debug.xcconfig */,
				9B6E1E2D58FADE8A6AB53103 /* Pods-YouJoin.release.xcconfig */,
				BB42CDB3C7B5062F5C48CD11 /* Pods-YouJoinTests.debug.xcconfig */,
				8461CB55A2B128CB05FA67C7 /* Pods-YouJoinTests.release.xcconfig */,
				BF45A5E4F0958BF4E9D0A2E1 /* Pods-YouJoinUITests.debug.xcconfig */,
				FA1B0835336B000962BFAF89 /* Pods-YouJoinUITests.release.xcconfig */,
			);
			name = Pods;
			sourceTree = "<group>";
		};
		58EC21C1526DCE81B091E2DB /* Frameworks */ = {
			isa = PBXGroup;
			children = (
				5CE84AABD4260A26EB962567 /* libPods-YouJoin.a */,
				8ACC1A5CD01C66FDACFC3422 /* libPods-YouJoinTests.a */,
				3F32F29B4C8E9546EE766260 /* libPods-YouJoinUITests.a */,
			);
			name = Frameworks;
			sourceTree = "<group>";
		};
/* End PBXGroup section */

/* Begin PBXNativeTarget section */
		04C352C720C42CEA00ED2A04 /* YouJoin */ = {
			isa = PBXNativeTarget;
			buildConfigurationList = 04C352F420C42CEA00ED2A04 /* Build configuration list for PBXNativeTarget "YouJoin" */;
			buildPhases = (
				38136C4429A526084E510395 /* [CP] Check Pods Manifest.lock */,
				04C352C420C42CEA00ED2A04 /* Sources */,
				04C352C520C42CEA00ED2A04 /* Frameworks */,
				04C352C620C42CEA00ED2A04 /* Resources */,
				2638FC05AA2BD0F221BE19BE /* [CP] Copy Pods Resources */,
			);
			buildRules = (
			);
			dependencies = (
			);
			name = YouJoin;
			productName = YouJoin;
			productReference = 04C352C820C42CEA00ED2A04 /* YouJoin.app */;
			productType = "com.apple.product-type.application";
		};
		04C352DF20C42CEA00ED2A04 /* YouJoinTests */ = {
			isa = PBXNativeTarget;
			buildConfigurationList = 04C352F720C42CEA00ED2A04 /* Build configuration list for PBXNativeTarget "YouJoinTests" */;
			buildPhases = (
				9E1EEBC96EF6CD7CBC7A0EE7 /* [CP] Check Pods Manifest.lock */,
				04C352DC20C42CEA00ED2A04 /* Sources */,
				04C352DD20C42CEA00ED2A04 /* Frameworks */,
				04C352DE20C42CEA00ED2A04 /* Resources */,
			);
			buildRules = (
			);
			dependencies = (
				04C352E220C42CEA00ED2A04 /* PBXTargetDependency */,
			);
			name = YouJoinTests;
			productName = YouJoinTests;
			productReference = 04C352E020C42CEA00ED2A04 /* YouJoinTests.xctest */;
			productType = "com.apple.product-type.bundle.unit-test";
		};
		04C352EA20C42CEA00ED2A04 /* YouJoinUITests */ = {
			isa = PBXNativeTarget;
			buildConfigurationList = 04C352FA20C42CEA00ED2A04 /* Build configuration list for PBXNativeTarget "YouJoinUITests" */;
			buildPhases = (
				272EF041291035D5529D628B /* [CP] Check Pods Manifest.lock */,
				04C352E720C42CEA00ED2A04 /* Sources */,
				04C352E820C42CEA00ED2A04 /* Frameworks */,
				04C352E920C42CEA00ED2A04 /* Resources */,
			);
			buildRules = (
			);
			dependencies = (
				04C352ED20C42CEA00ED2A04 /* PBXTargetDependency */,
			);
			name = YouJoinUITests;
			productName = YouJoinUITests;
			productReference = 04C352EB20C42CEA00ED2A04 /* YouJoinUITests.xctest */;
			productType = "com.apple.product-type.bundle.ui-testing";
		};
/* End PBXNativeTarget section */

/* Begin PBXProject section */
		04C352C020C42CEA00ED2A04 /* Project object */ = {
			isa = PBXProject;
			attributes = {
				LastUpgradeCheck = 0910;
				ORGANIZATIONNAME = Lawrence;
				TargetAttributes = {
					04C352C720C42CEA00ED2A04 = {
						CreatedOnToolsVersion = 9.1;
						ProvisioningStyle = Automatic;
					};
					04C352DF20C42CEA00ED2A04 = {
						CreatedOnToolsVersion = 9.1;
						ProvisioningStyle = Automatic;
						TestTargetID = 04C352C720C42CEA00ED2A04;
					};
					04C352EA20C42CEA00ED2A04 = {
						CreatedOnToolsVersion = 9.1;
						ProvisioningStyle = Automatic;
						TestTargetID = 04C352C720C42CEA00ED2A04;
					};
				};
			};
			buildConfigurationList = 04C352C320C42CEA00ED2A04 /* Build configuration list for PBXProject "YouJoin" */;
			compatibilityVersion = "Xcode 8.0";
			developmentRegion = en;
			hasScannedForEncodings = 0;
			knownRegions = (
				en,
				Base,
			);
			mainGroup = 04C352BF20C42CEA00ED2A04;
			productRefGroup = 04C352C920C42CEA00ED2A04 /* Products */;
			projectDirPath = "";
			projectRoot = "";
			targets = (
				04C352C720C42CEA00ED2A04 /* YouJoin */,
				04C352DF20C42CEA00ED2A04 /* YouJoinTests */,
				04C352EA20C42CEA00ED2A04 /* YouJoinUITests */,
			);
		};
/* End PBXProject section */

/* Begin PBXResourcesBuildPhase section */
		04C352C620C42CEA00ED2A04 /* Resources */ = {
			isa = PBXResourcesBuildPhase;
			buildActionMask = 2147483647;
			files = (
				045E454020DACDAD009BB32A /* Main.storyboard in Resources */,
				04C352D820C42CEA00ED2A04 /* LaunchScreen.storyboard in Resources */,
				04C352D520C42CEA00ED2A04 /* Assets.xcassets in Resources */,
			);
			runOnlyForDeploymentPostprocessing = 0;
		};
		04C352DE20C42CEA00ED2A04 /* Resources */ = {
			isa = PBXResourcesBuildPhase;
			buildActionMask = 2147483647;
			files = (
			);
			runOnlyForDeploymentPostprocessing = 0;
		};
		04C352E920C42CEA00ED2A04 /* Resources */ = {
			isa = PBXResourcesBuildPhase;
			buildActionMask = 2147483647;
			files = (
			);
			runOnlyForDeploymentPostprocessing = 0;
		};
/* End PBXResourcesBuildPhase section */

/* Begin PBXShellScriptBuildPhase section */
		2638FC05AA2BD0F221BE19BE /* [CP] Copy Pods Resources */ = {
			isa = PBXShellScriptBuildPhase;
			buildActionMask = 2147483647;
			files = (
			);
			inputPaths = (
				"${SRCROOT}/Pods/Target Support Files/Pods-YouJoin/Pods-YouJoin-resources.sh",
				"${PODS_ROOT}/IQKeyboardManager/IQKeyboardManager/Resources/IQKeyboardManager.bundle",
				"${PODS_CONFIGURATION_BUILD_DIR}/MWPhotoBrowser/MWPhotoBrowser.bundle",
				"${PODS_ROOT}/SVProgressHUD/SVProgressHUD/SVProgressHUD.bundle",
			);
			name = "[CP] Copy Pods Resources";
			outputPaths = (
				"${TARGET_BUILD_DIR}/${UNLOCALIZED_RESOURCES_FOLDER_PATH}/IQKeyboardManager.bundle",
				"${TARGET_BUILD_DIR}/${UNLOCALIZED_RESOURCES_FOLDER_PATH}/MWPhotoBrowser.bundle",
				"${TARGET_BUILD_DIR}/${UNLOCALIZED_RESOURCES_FOLDER_PATH}/SVProgressHUD.bundle",
			);
			runOnlyForDeploymentPostprocessing = 0;
			shellPath = /bin/sh;
			shellScript = "\"${SRCROOT}/Pods/Target Support Files/Pods-YouJoin/Pods-YouJoin-resources.sh\"\n";
			showEnvVarsInLog = 0;
		};
		272EF041291035D5529D628B /* [CP] Check Pods Manifest.lock */ = {
			isa = PBXShellScriptBuildPhase;
			buildActionMask = 2147483647;
			files = (
			);
			inputPaths = (
				"${PODS_PODFILE_DIR_PATH}/Podfile.lock",
				"${PODS_ROOT}/Manifest.lock",
			);
			name = "[CP] Check Pods Manifest.lock";
			outputPaths = (
				"$(DERIVED_FILE_DIR)/Pods-YouJoinUITests-checkManifestLockResult.txt",
			);
			runOnlyForDeploymentPostprocessing = 0;
			shellPath = /bin/sh;
			shellScript = "diff \"${PODS_PODFILE_DIR_PATH}/Podfile.lock\" \"${PODS_ROOT}/Manifest.lock\" > /dev/null\nif [ $? != 0 ] ; then\n    # print error to STDERR\n    echo \"error: The sandbox is not in sync with the Podfile.lock. Run 'pod install' or update your CocoaPods installation.\" >&2\n    exit 1\nfi\n# This output is used by Xcode 'outputs' to avoid re-running this script phase.\necho \"SUCCESS\" > \"${SCRIPT_OUTPUT_FILE_0}\"\n";
			showEnvVarsInLog = 0;
		};
		38136C4429A526084E510395 /* [CP] Check Pods Manifest.lock */ = {
			isa = PBXShellScriptBuildPhase;
			buildActionMask = 2147483647;
			files = (
			);
			inputPaths = (
				"${PODS_PODFILE_DIR_PATH}/Podfile.lock",
				"${PODS_ROOT}/Manifest.lock",
			);
			name = "[CP] Check Pods Manifest.lock";
			outputPaths = (
				"$(DERIVED_FILE_DIR)/Pods-YouJoin-checkManifestLockResult.txt",
			);
			runOnlyForDeploymentPostprocessing = 0;
			shellPath = /bin/sh;
			shellScript = "diff \"${PODS_PODFILE_DIR_PATH}/Podfile.lock\" \"${PODS_ROOT}/Manifest.lock\" > /dev/null\nif [ $? != 0 ] ; then\n    # print error to STDERR\n    echo \"error: The sandbox is not in sync with the Podfile.lock. Run 'pod install' or update your CocoaPods installation.\" >&2\n    exit 1\nfi\n# This output is used by Xcode 'outputs' to avoid re-running this script phase.\necho \"SUCCESS\" > \"${SCRIPT_OUTPUT_FILE_0}\"\n";
			showEnvVarsInLog = 0;
		};
		9E1EEBC96EF6CD7CBC7A0EE7 /* [CP] Check Pods Manifest.lock */ = {
			isa = PBXShellScriptBuildPhase;
			buildActionMask = 2147483647;
			files = (
			);
			inputPaths = (
				"${PODS_PODFILE_DIR_PATH}/Podfile.lock",
				"${PODS_ROOT}/Manifest.lock",
			);
			name = "[CP] Check Pods Manifest.lock";
			outputPaths = (
				"$(DERIVED_FILE_DIR)/Pods-YouJoinTests-checkManifestLockResult.txt",
			);
			runOnlyForDeploymentPostprocessing = 0;
			shellPath = /bin/sh;
			shellScript = "diff \"${PODS_PODFILE_DIR_PATH}/Podfile.lock\" \"${PODS_ROOT}/Manifest.lock\" > /dev/null\nif [ $? != 0 ] ; then\n    # print error to STDERR\n    echo \"error: The sandbox is not in sync with the Podfile.lock. Run 'pod install' or update your CocoaPods installation.\" >&2\n    exit 1\nfi\n# This output is used by Xcode 'outputs' to avoid re-running this script phase.\necho \"SUCCESS\" > \"${SCRIPT_OUTPUT_FILE_0}\"\n";
			showEnvVarsInLog = 0;
		};
/* End PBXShellScriptBuildPhase section */

/* Begin PBXSourcesBuildPhase section */
		04C352C420C42CEA00ED2A04 /* Sources */ = {
			isa = PBXSourcesBuildPhase;
			buildActionMask = 2147483647;
			files = (
				04C352DB20C42CEA00ED2A04 /* main.m in Sources */,
				045E454A20DAD1EC009BB32A /* DYJNavigationViewController.m in Sources */,
				045E456B20DAEB4B009BB32A /* NSString+MD5.m in Sources */,
				04C3532020C43CB800ED2A04 /* DYJLoginTextField.m in Sources */,
				04C352CD20C42CEA00ED2A04 /* AppDelegate.m in Sources */,
				045E454D20DAD33F009BB32A /* DYJNetworkManager.m in Sources */,
				045E455620DAD9AD009BB32A /* LoginPage.m in Sources */,
				045E455020DAD3BC009BB32A /* WelcomePage.m in Sources */,
				045E454720DACF7F009BB32A /* HomePage.m in Sources */,
				045E455320DAD3E6009BB32A /* DYJLoginButton.m in Sources */,
				04C3531320C43B5100ED2A04 /* DYJUser.m in Sources */,
				045E456020DAE60F009BB32A /* LoginPresenter.m in Sources */,
				04C3531D20C43C8E00ED2A04 /* RegisterPage.m in Sources */,
				045E456720DAE732009BB32A /* LoginInteractor.m in Sources */,
				04C3531620C43B7600ED2A04 /* DYJTabbarController.m in Sources */,
				04C3531920C43BB500ED2A04 /* DYJViewController.m in Sources */,
			);
			runOnlyForDeploymentPostprocessing = 0;
		};
		04C352DC20C42CEA00ED2A04 /* Sources */ = {
			isa = PBXSourcesBuildPhase;
			buildActionMask = 2147483647;
			files = (
				04C352E520C42CEA00ED2A04 /* YouJoinTests.m in Sources */,
			);
			runOnlyForDeploymentPostprocessing = 0;
		};
		04C352E720C42CEA00ED2A04 /* Sources */ = {
			isa = PBXSourcesBuildPhase;
			buildActionMask = 2147483647;
			files = (
				04C352F020C42CEA00ED2A04 /* YouJoinUITests.m in Sources */,
			);
			runOnlyForDeploymentPostprocessing = 0;
		};
/* End PBXSourcesBuildPhase section */

/* Begin PBXTargetDependency section */
		04C352E220C42CEA00ED2A04 /* PBXTargetDependency */ = {
			isa = PBXTargetDependency;
			target = 04C352C720C42CEA00ED2A04 /* YouJoin */;
			targetProxy = 04C352E120C42CEA00ED2A04 /* PBXContainerItemProxy */;
		};
		04C352ED20C42CEA00ED2A04 /* PBXTargetDependency */ = {
			isa = PBXTargetDependency;
			target = 04C352C720C42CEA00ED2A04 /* YouJoin */;
			targetProxy = 04C352EC20C42CEA00ED2A04 /* PBXContainerItemProxy */;
		};
/* End PBXTargetDependency section */

/* Begin PBXVariantGroup section */
		045E453E20DACDAD009BB32A /* Main.storyboard */ = {
			isa = PBXVariantGroup;
			children = (
				045E453F20DACDAD009BB32A /* Base */,
			);
			name = Main.storyboard;
			sourceTree = "<group>";
		};
		04C352D620C42CEA00ED2A04 /* LaunchScreen.storyboard */ = {
			isa = PBXVariantGroup;
			children = (
				04C352D720C42CEA00ED2A04 /* Base */,
			);
			name = LaunchScreen.storyboard;
			sourceTree = "<group>";
		};
/* End PBXVariantGroup section */

/* Begin XCBuildConfiguration section */
		04C352F220C42CEA00ED2A04 /* Debug */ = {
			isa = XCBuildConfiguration;
			buildSettings = {
				ALWAYS_SEARCH_USER_PATHS = NO;
				CLANG_ANALYZER_NONNULL = YES;
				CLANG_ANALYZER_NUMBER_OBJECT_CONVERSION = YES_AGGRESSIVE;
				CLANG_CXX_LANGUAGE_STANDARD = "gnu++14";
				CLANG_CXX_LIBRARY = "libc++";
				CLANG_ENABLE_MODULES = YES;
				CLANG_ENABLE_OBJC_ARC = YES;
				CLANG_WARN_BLOCK_CAPTURE_AUTORELEASING = YES;
				CLANG_WARN_BOOL_CONVERSION = YES;
				CLANG_WARN_COMMA = YES;
				CLANG_WARN_CONSTANT_CONVERSION = YES;
				CLANG_WARN_DIRECT_OBJC_ISA_USAGE = YES_ERROR;
				CLANG_WARN_DOCUMENTATION_COMMENTS = YES;
				CLANG_WARN_EMPTY_BODY = YES;
				CLANG_WARN_ENUM_CONVERSION = YES;
				CLANG_WARN_INFINITE_RECURSION = YES;
				CLANG_WARN_INT_CONVERSION = YES;
				CLANG_WARN_NON_LITERAL_NULL_CONVERSION = YES;
				CLANG_WARN_OBJC_LITERAL_CONVERSION = YES;
				CLANG_WARN_OBJC_ROOT_CLASS = YES_ERROR;
				CLANG_WARN_RANGE_LOOP_ANALYSIS = YES;
				CLANG_WARN_STRICT_PROTOTYPES = YES;
				CLANG_WARN_SUSPICIOUS_MOVE = YES;
				CLANG_WARN_UNGUARDED_AVAILABILITY = YES_AGGRESSIVE;
				CLANG_WARN_UNREACHABLE_CODE = YES;
				CLANG_WARN__DUPLICATE_METHOD_MATCH = YES;
				CODE_SIGN_IDENTITY = "iPhone Developer";
				COPY_PHASE_STRIP = NO;
				DEBUG_INFORMATION_FORMAT = dwarf;
				ENABLE_STRICT_OBJC_MSGSEND = YES;
				ENABLE_TESTABILITY = YES;
				GCC_C_LANGUAGE_STANDARD = gnu11;
				GCC_DYNAMIC_NO_PIC = NO;
				GCC_NO_COMMON_BLOCKS = YES;
				GCC_OPTIMIZATION_LEVEL = 0;
				GCC_PREPROCESSOR_DEFINITIONS = (
					"DEBUG=1",
					"$(inherited)",
				);
				GCC_WARN_64_TO_32_BIT_CONVERSION = YES;
				GCC_WARN_ABOUT_RETURN_TYPE = YES_ERROR;
				GCC_WARN_UNDECLARED_SELECTOR = YES;
				GCC_WARN_UNINITIALIZED_AUTOS = YES_AGGRESSIVE;
				GCC_WARN_UNUSED_FUNCTION = YES;
				GCC_WARN_UNUSED_VARIABLE = YES;
				IPHONEOS_DEPLOYMENT_TARGET = 11.1;
				MTL_ENABLE_DEBUG_INFO = YES;
				ONLY_ACTIVE_ARCH = YES;
				SDKROOT = iphoneos;
			};
			name = Debug;
		};
		04C352F320C42CEA00ED2A04 /* Release */ = {
			isa = XCBuildConfiguration;
			buildSettings = {
				ALWAYS_SEARCH_USER_PATHS = NO;
				CLANG_ANALYZER_NONNULL = YES;
				CLANG_ANALYZER_NUMBER_OBJECT_CONVERSION = YES_AGGRESSIVE;
				CLANG_CXX_LANGUAGE_STANDARD = "gnu++14";
				CLANG_CXX_LIBRARY = "libc++";
				CLANG_ENABLE_MODULES = YES;
				CLANG_ENABLE_OBJC_ARC = YES;
				CLANG_WARN_BLOCK_CAPTURE_AUTORELEASING = YES;
				CLANG_WARN_BOOL_CONVERSION = YES;
				CLANG_WARN_COMMA = YES;
				CLANG_WARN_CONSTANT_CONVERSION = YES;
				CLANG_WARN_DIRECT_OBJC_ISA_USAGE = YES_ERROR;
				CLANG_WARN_DOCUMENTATION_COMMENTS = YES;
				CLANG_WARN_EMPTY_BODY = YES;
				CLANG_WARN_ENUM_CONVERSION = YES;
				CLANG_WARN_INFINITE_RECURSION = YES;
				CLANG_WARN_INT_CONVERSION = YES;
				CLANG_WARN_NON_LITERAL_NULL_CONVERSION = YES;
				CLANG_WARN_OBJC_LITERAL_CONVERSION = YES;
				CLANG_WARN_OBJC_ROOT_CLASS = YES_ERROR;
				CLANG_WARN_RANGE_LOOP_ANALYSIS = YES;
				CLANG_WARN_STRICT_PROTOTYPES = YES;
				CLANG_WARN_SUSPICIOUS_MOVE = YES;
				CLANG_WARN_UNGUARDED_AVAILABILITY = YES_AGGRESSIVE;
				CLANG_WARN_UNREACHABLE_CODE = YES;
				CLANG_WARN__DUPLICATE_METHOD_MATCH = YES;
				CODE_SIGN_IDENTITY = "iPhone Developer";
				COPY_PHASE_STRIP = NO;
				DEBUG_INFORMATION_FORMAT = "dwarf-with-dsym";
				ENABLE_NS_ASSERTIONS = NO;
				ENABLE_STRICT_OBJC_MSGSEND = YES;
				GCC_C_LANGUAGE_STANDARD = gnu11;
				GCC_NO_COMMON_BLOCKS = YES;
				GCC_WARN_64_TO_32_BIT_CONVERSION = YES;
				GCC_WARN_ABOUT_RETURN_TYPE = YES_ERROR;
				GCC_WARN_UNDECLARED_SELECTOR = YES;
				GCC_WARN_UNINITIALIZED_AUTOS = YES_AGGRESSIVE;
				GCC_WARN_UNUSED_FUNCTION = YES;
				GCC_WARN_UNUSED_VARIABLE = YES;
				IPHONEOS_DEPLOYMENT_TARGET = 11.1;
				MTL_ENABLE_DEBUG_INFO = NO;
				SDKROOT = iphoneos;
				VALIDATE_PRODUCT = YES;
			};
			name = Release;
		};
		04C352F520C42CEA00ED2A04 /* Debug */ = {
			isa = XCBuildConfiguration;
			baseConfigurationReference = 1D4FE3EB110EC5AFF55EEF67 /* Pods-YouJoin.debug.xcconfig */;
			buildSettings = {
				ASSETCATALOG_COMPILER_APPICON_NAME = AppIcon;
				CODE_SIGN_STYLE = Automatic;
				DEVELOPMENT_TEAM = GM84843CVW;
				GCC_PREFIX_HEADER = "$(SRCROOT)/$(PROJECT_NAME)/Sources/Base/PrefixHeader.pch";
				INFOPLIST_FILE = YouJoin/Info.plist;
				LD_RUNPATH_SEARCH_PATHS = "$(inherited) @executable_path/Frameworks";
				PRODUCT_BUNDLE_IDENTIFIER = com.youjoin.lawrence.lin.YouJoin;
				PRODUCT_NAME = "$(TARGET_NAME)";
				TARGETED_DEVICE_FAMILY = "1,2";
			};
			name = Debug;
		};
		04C352F620C42CEA00ED2A04 /* Release */ = {
			isa = XCBuildConfiguration;
			baseConfigurationReference = 9B6E1E2D58FADE8A6AB53103 /* Pods-YouJoin.release.xcconfig */;
			buildSettings = {
				ASSETCATALOG_COMPILER_APPICON_NAME = AppIcon;
				CODE_SIGN_STYLE = Automatic;
				DEVELOPMENT_TEAM = GM84843CVW;
				GCC_PREFIX_HEADER = "$(SRCROOT)/$(PROJECT_NAME)/Sources/Base/PrefixHeader.pch";
				INFOPLIST_FILE = YouJoin/Info.plist;
				LD_RUNPATH_SEARCH_PATHS = "$(inherited) @executable_path/Frameworks";
				PRODUCT_BUNDLE_IDENTIFIER = com.youjoin.lawrence.lin.YouJoin;
				PRODUCT_NAME = "$(TARGET_NAME)";
				TARGETED_DEVICE_FAMILY = "1,2";
			};
			name = Release;
		};
		04C352F820C42CEA00ED2A04 /* Debug */ = {
			isa = XCBuildConfiguration;
			baseConfigurationReference = BB42CDB3C7B5062F5C48CD11 /* Pods-YouJoinTests.debug.xcconfig */;
			buildSettings = {
				BUNDLE_LOADER = "$(TEST_HOST)";
				CODE_SIGN_STYLE = Automatic;
				DEVELOPMENT_TEAM = GM84843CVW;
				INFOPLIST_FILE = YouJoinTests/Info.plist;
				LD_RUNPATH_SEARCH_PATHS = "$(inherited) @executable_path/Frameworks @loader_path/Frameworks";
				PRODUCT_BUNDLE_IDENTIFIER = com.youjoin.lawrence.lin.YouJoinTests;
				PRODUCT_NAME = "$(TARGET_NAME)";
				TARGETED_DEVICE_FAMILY = "1,2";
				TEST_HOST = "$(BUILT_PRODUCTS_DIR)/YouJoin.app/YouJoin";
			};
			name = Debug;
		};
		04C352F920C42CEA00ED2A04 /* Release */ = {
			isa = XCBuildConfiguration;
			baseConfigurationReference = 8461CB55A2B128CB05FA67C7 /* Pods-YouJoinTests.release.xcconfig */;
			buildSettings = {
				BUNDLE_LOADER = "$(TEST_HOST)";
				CODE_SIGN_STYLE = Automatic;
				DEVELOPMENT_TEAM = GM84843CVW;
				INFOPLIST_FILE = YouJoinTests/Info.plist;
				LD_RUNPATH_SEARCH_PATHS = "$(inherited) @executable_path/Frameworks @loader_path/Frameworks";
				PRODUCT_BUNDLE_IDENTIFIER = com.youjoin.lawrence.lin.YouJoinTests;
				PRODUCT_NAME = "$(TARGET_NAME)";
				TARGETED_DEVICE_FAMILY = "1,2";
				TEST_HOST = "$(BUILT_PRODUCTS_DIR)/YouJoin.app/YouJoin";
			};
			name = Release;
		};
		04C352FB20C42CEA00ED2A04 /* Debug */ = {
			isa = XCBuildConfiguration;
			baseConfigurationReference = BF45A5E4F0958BF4E9D0A2E1 /* Pods-YouJoinUITests.debug.xcconfig */;
			buildSettings = {
				CODE_SIGN_STYLE = Automatic;
				DEVELOPMENT_TEAM = GM84843CVW;
				INFOPLIST_FILE = YouJoinUITests/Info.plist;
				LD_RUNPATH_SEARCH_PATHS = "$(inherited) @executable_path/Frameworks @loader_path/Frameworks";
				PRODUCT_BUNDLE_IDENTIFIER = com.youjoin.lawrence.lin.YouJoinUITests;
				PRODUCT_NAME = "$(TARGET_NAME)";
				TARGETED_DEVICE_FAMILY = "1,2";
				TEST_TARGET_NAME = YouJoin;
			};
			name = Debug;
		};
		04C352FC20C42CEA00ED2A04 /* Release */ = {
			isa = XCBuildConfiguration;
			baseConfigurationReference = FA1B0835336B000962BFAF89 /* Pods-YouJoinUITests.release.xcconfig */;
			buildSettings = {
				CODE_SIGN_STYLE = Automatic;
				DEVELOPMENT_TEAM = GM84843CVW;
				INFOPLIST_FILE = YouJoinUITests/Info.plist;
				LD_RUNPATH_SEARCH_PATHS = "$(inherited) @executable_path/Frameworks @loader_path/Frameworks";
				PRODUCT_BUNDLE_IDENTIFIER = com.youjoin.lawrence.lin.YouJoinUITests;
				PRODUCT_NAME = "$(TARGET_NAME)";
				TARGETED_DEVICE_FAMILY = "1,2";
				TEST_TARGET_NAME = YouJoin;
			};
			name = Release;
		};
/* End XCBuildConfiguration section */

/* Begin XCConfigurationList section */
		04C352C320C42CEA00ED2A04 /* Build configuration list for PBXProject "YouJoin" */ = {
			isa = XCConfigurationList;
			buildConfigurations = (
				04C352F220C42CEA00ED2A04 /* Debug */,
				04C352F320C42CEA00ED2A04 /* Release */,
			);
			defaultConfigurationIsVisible = 0;
			defaultConfigurationName = Release;
		};
		04C352F420C42CEA00ED2A04 /* Build configuration list for PBXNativeTarget "YouJoin" */ = {
			isa = XCConfigurationList;
			buildConfigurations = (
				04C352F520C42CEA00ED2A04 /* Debug */,
				04C352F620C42CEA00ED2A04 /* Release */,
			);
			defaultConfigurationIsVisible = 0;
			defaultConfigurationName = Release;
		};
		04C352F720C42CEA00ED2A04 /* Build configuration list for PBXNativeTarget "YouJoinTests" */ = {
			isa = XCConfigurationList;
			buildConfigurations = (
				04C352F820C42CEA00ED2A04 /* Debug */,
				04C352F920C42CEA00ED2A04 /* Release */,
			);
			defaultConfigurationIsVisible = 0;
			defaultConfigurationName = Release;
		};
		04C352FA20C42CEA00ED2A04 /* Build configuration list for PBXNativeTarget "YouJoinUITests" */ = {
			isa = XCConfigurationList;
			buildConfigurations = (
				04C352FB20C42CEA00ED2A04 /* Debug */,
				04C352FC20C42CEA00ED2A04 /* Release */,
			);
			defaultConfigurationIsVisible = 0;
			defaultConfigurationName = Release;
		};
/* End XCConfigurationList section */
	};
	rootObject = 04C352C020C42CEA00ED2A04 /* Project object */;
}
